# Generated by buf. DO NOT EDIT.
version: v1
deps:
  - remote: buf.build
    owner: bufbuild
    repository: protovalidate
    commit: 1baebb0a15184714854fa1ddfd22a29b
    digest: shake256:ecd24ac37ca4f1ea65d816ae98e2a977e5004076ac957de9aedc0d4b517c66eaf3b7c8d6c7669ffd6e2eca5e8a5705372bed339ba47a608b37183ef1ee4f8baf
  - remote: buf.build
    owner: googleapis
    repository: googleapis
    commit: 28151c0d0a1641bf938a7672c500e01d
    digest: shake256:49215edf8ef57f7863004539deff8834cfb2195113f0b890dd1f67815d9353e28e668019165b9d872395871eeafcbab3ccfdb2b5f11734d3cca95be9e8d139de
  - remote: buf.build
    owner: pentops
    repository: protoc-gen-listify
    commit: 9207ab6bdd894c47a70b75c050ae230b
    digest: shake256:53d6f9cca1ed04b2e42d07dbd6f0b4f05126ae5a0ea048489352bacd83c0fc473a552889fdb0cecd81e5b87dd7d9edae2388ffbc622882ecefcbdcac11782f58
