# Generated by buf. DO NOT EDIT.
version: v1
deps:
  - remote: buf.build
    owner: bufbuild
    repository: protovalidate
    commit: 1baebb0a15184714854fa1ddfd22a29b
    digest: shake256:ecd24ac37ca4f1ea65d816ae98e2a977e5004076ac957de9aedc0d4b517c66eaf3b7c8d6c7669ffd6e2eca5e8a5705372bed339ba47a608b37183ef1ee4f8baf
  - remote: buf.build
    owner: googleapis
    repository: googleapis
    commit: 28151c0d0a1641bf938a7672c500e01d
    digest: shake256:49215edf8ef57f7863004539deff8834cfb2195113f0b890dd1f67815d9353e28e668019165b9d872395871eeafcbab3ccfdb2b5f11734d3cca95be9e8d139de
  - remote: buf.build
    owner: pentops
    repository: protoc-gen-listify
    commit: cc596cb901ee479393411e049e87231f
    digest: shake256:ff06792766c56466d4e8ddd89649d52f8ed2fa03a2fa81cad1d5837e67a33bee6d22d31d9739338c1f69e8e7879c813b5170cdad77ddc4d9fd4609458bd55143
