# Generated by buf. DO NOT EDIT.
version: v1
deps:
  - remote: buf.build
    owner: bufbuild
    repository: protovalidate
    commit: 1baebb0a15184714854fa1ddfd22a29b
    digest: shake256:ecd24ac37ca4f1ea65d816ae98e2a977e5004076ac957de9aedc0d4b517c66eaf3b7c8d6c7669ffd6e2eca5e8a5705372bed339ba47a608b37183ef1ee4f8baf
  - remote: buf.build
    owner: googleapis
    repository: googleapis
    commit: 28151c0d0a1641bf938a7672c500e01d
    digest: shake256:49215edf8ef57f7863004539deff8834cfb2195113f0b890dd1f67815d9353e28e668019165b9d872395871eeafcbab3ccfdb2b5f11734d3cca95be9e8d139de
  - remote: buf.build
    owner: pentops
    repository: protoc-gen-listify
    commit: 473147c71105437a96c01b97398195ec
    digest: shake256:2bedc853acc9664fff092a000503a73ecf90d40496c8dfc2c860a135bb1c9794164534379fc2d5c0dbb1fcce9aa31b4ea9b68ceb1c8a281fa198db98ebd985e1
